
Microsoft Visual Studio Solution File, Format Version 12.00
# Visual Studio 15
VisualStudioVersion = 15.0.28010.2003
MinimumVisualStudioVersion = 10.0.40219.1
Project("{FAE04EC0-301F-11D3-BF4B-00C04F79EFBC}") = "Estruct1", "Estruct1\Estruct1.csproj", "{F499BF47-FD69-40CA-9367-530CBE020864}"
EndProject
Global
	GlobalSection(SolutionConfigurationPlatforms) = preSolution
		Debug|Any CPU = Debug|Any CPU
		Release|Any CPU = Release|Any CPU
	EndGlobalSection
	GlobalSection(ProjectConfigurationPlatforms) = postSolution
		{F499BF47-FD69-40CA-9367-530CBE020864}.Debug|Any CPU.ActiveCfg = Debug|Any CPU
		{F499BF47-FD69-40CA-9367-530CBE020864}.Debug|Any CPU.Build.0 = Debug|Any CPU
		{F499BF47-FD69-40CA-9367-530CBE020864}.Release|Any CPU.ActiveCfg = Release|Any CPU
		{F499BF47-FD69-40CA-9367-530CBE020864}.Release|Any CPU.Build.0 = Release|Any CPU
	EndGlobalSection
	GlobalSection(SolutionProperties) = preSolution
		HideSolutionNode = FALSE
	EndGlobalSection
	GlobalSection(ExtensibilityGlobals) = postSolution
		SolutionGuid = {7A083709-5F03-4AF8-99F8-1E1AA1BF155B}
	EndGlobalSection
EndGlobal
